{
  "nodes": {
    "nixpkgs": {
      "locked": {
        "lastModified": 1649390203,
        "narHash": "sha256-Nnl4yDVbKalSNNbAK4JZK3Ie9bvoweJyEXlLkOWEuyg=",
        "owner": "NixOS",
        "repo": "nixpkgs",
        "rev": "52e235a85452b0831274056248e82b09aede7574",
        "type": "github"
      },
      "original": {
        "owner": "NixOS",
        "repo": "nixpkgs",
        "type": "github"
      }
    },
    "root": {
      "inputs": {
        "nixpkgs": "nixpkgs"
      }
    }
  },
  "root": "root",
  "version": 7
}
