{
  "nodes": {
    "nixpkgs": {
      "locked": {
        "lastModified": 1649380290,
        "narHash": "sha256-ms/vYvYeT//HrHSZ//Nj1cfEqzt+kz2+fvksdW/yMSs=",
        "owner": "NixOS",
        "repo": "nixpkgs",
        "rev": "1b0392052d4f1c97a71a765ca1ea2b66fce84ef7",
        "type": "github"
      },
      "original": {
        "owner": "NixOS",
        "repo": "nixpkgs",
        "type": "github"
      }
    },
    "root": {
      "inputs": {
        "nixpkgs": "nixpkgs"
      }
    }
  },
  "root": "root",
  "version": 7
}
